
Microsoft Visual Studio Solution File, Format Version 12.00
# Visual Studio 15
VisualStudioVersion = 15.0.26430.6
MinimumVisualStudioVersion = 10.0.40219.1
Project("{FAE04EC0-301F-11D3-BF4B-00C04F79EFBC}") = "RSMuseum.MVC", "RSMuseum.MVC\RSMuseum.MVC.csproj", "{5F49AA70-2CF7-4F49-930B-9EBB88C00EC0}"
EndProject
Project("{FAE04EC0-301F-11D3-BF4B-00C04F79EFBC}") = "RSMuseum.MVC.Tests", "RSMuseum.MVC.Tests\RSMuseum.MVC.Tests.csproj", "{0B92D840-AE30-4FE9-8479-294980DC07DF}"
EndProject
Project("{FAE04EC0-301F-11D3-BF4B-00C04F79EFBC}") = "RSMuseum.Services.Tests", "RSMuseum.Services.Tests\RSMuseum.Services.Tests.csproj", "{E807BA00-DCE7-4FEB-A7A7-7AC623875D74}"
EndProject
Project("{FAE04EC0-301F-11D3-BF4B-00C04F79EFBC}") = "RSMuseum.Services", "RSMuseum.Services\RSMuseum.Services.csproj", "{2D41DA9F-5BDB-43C2-A8A2-EFFCA863DCC4}"
EndProject
Project("{FAE04EC0-301F-11D3-BF4B-00C04F79EFBC}") = "RSMuseum.Repository", "RSMuseum.Repository\RSMuseum.Repository.csproj", "{042D0814-233D-44FF-A4DB-401F086BE819}"
EndProject
Project("{FAE04EC0-301F-11D3-BF4B-00C04F79EFBC}") = "RSMuseum.Repository.Tests", "RSMuseum.Repository.Tests\RSMuseum.Repository.Tests.csproj", "{6C6E086A-410E-4C7C-AAD8-B7658F45C6E9}"
EndProject
Global
	GlobalSection(SolutionConfigurationPlatforms) = preSolution
		Debug|Any CPU = Debug|Any CPU
		Release|Any CPU = Release|Any CPU
	EndGlobalSection
	GlobalSection(ProjectConfigurationPlatforms) = postSolution
		{5F49AA70-2CF7-4F49-930B-9EBB88C00EC0}.Debug|Any CPU.ActiveCfg = Debug|Any CPU
		{5F49AA70-2CF7-4F49-930B-9EBB88C00EC0}.Debug|Any CPU.Build.0 = Debug|Any CPU
		{5F49AA70-2CF7-4F49-930B-9EBB88C00EC0}.Release|Any CPU.ActiveCfg = Release|Any CPU
		{5F49AA70-2CF7-4F49-930B-9EBB88C00EC0}.Release|Any CPU.Build.0 = Release|Any CPU
		{0B92D840-AE30-4FE9-8479-294980DC07DF}.Debug|Any CPU.ActiveCfg = Debug|Any CPU
		{0B92D840-AE30-4FE9-8479-294980DC07DF}.Debug|Any CPU.Build.0 = Debug|Any CPU
		{0B92D840-AE30-4FE9-8479-294980DC07DF}.Release|Any CPU.ActiveCfg = Release|Any CPU
		{0B92D840-AE30-4FE9-8479-294980DC07DF}.Release|Any CPU.Build.0 = Release|Any CPU
		{E807BA00-DCE7-4FEB-A7A7-7AC623875D74}.Debug|Any CPU.ActiveCfg = Debug|Any CPU
		{E807BA00-DCE7-4FEB-A7A7-7AC623875D74}.Debug|Any CPU.Build.0 = Debug|Any CPU
		{E807BA00-DCE7-4FEB-A7A7-7AC623875D74}.Release|Any CPU.ActiveCfg = Release|Any CPU
		{E807BA00-DCE7-4FEB-A7A7-7AC623875D74}.Release|Any CPU.Build.0 = Release|Any CPU
		{2D41DA9F-5BDB-43C2-A8A2-EFFCA863DCC4}.Debug|Any CPU.ActiveCfg = Debug|Any CPU
		{2D41DA9F-5BDB-43C2-A8A2-EFFCA863DCC4}.Debug|Any CPU.Build.0 = Debug|Any CPU
		{2D41DA9F-5BDB-43C2-A8A2-EFFCA863DCC4}.Release|Any CPU.ActiveCfg = Release|Any CPU
		{2D41DA9F-5BDB-43C2-A8A2-EFFCA863DCC4}.Release|Any CPU.Build.0 = Release|Any CPU
		{042D0814-233D-44FF-A4DB-401F086BE819}.Debug|Any CPU.ActiveCfg = Debug|Any CPU
		{042D0814-233D-44FF-A4DB-401F086BE819}.Debug|Any CPU.Build.0 = Debug|Any CPU
		{042D0814-233D-44FF-A4DB-401F086BE819}.Release|Any CPU.ActiveCfg = Release|Any CPU
		{042D0814-233D-44FF-A4DB-401F086BE819}.Release|Any CPU.Build.0 = Release|Any CPU
		{6C6E086A-410E-4C7C-AAD8-B7658F45C6E9}.Debug|Any CPU.ActiveCfg = Debug|Any CPU
		{6C6E086A-410E-4C7C-AAD8-B7658F45C6E9}.Debug|Any CPU.Build.0 = Debug|Any CPU
		{6C6E086A-410E-4C7C-AAD8-B7658F45C6E9}.Release|Any CPU.ActiveCfg = Release|Any CPU
		{6C6E086A-410E-4C7C-AAD8-B7658F45C6E9}.Release|Any CPU.Build.0 = Release|Any CPU
	EndGlobalSection
	GlobalSection(SolutionProperties) = preSolution
		HideSolutionNode = FALSE
	EndGlobalSection
EndGlobal
